// !$*UTF8*$!
{
	archiveVersion = 1;
	classes = {
	};
	objectVersion = 56;
	objects = {

/* Begin PBXBuildFile section */
		AF2811962A7E5CD6007DEC66 /* AppDelegate.swift in Sources */ = {isa = PBXBuildFile; fileRef = AF2811952A7E5CD6007DEC66 /* AppDelegate.swift */; };
		AF2811982A7E5CD6007DEC66 /* SceneDelegate.swift in Sources */ = {isa = PBXBuildFile; fileRef = AF2811972A7E5CD6007DEC66 /* SceneDelegate.swift */; };
		AF28119A2A7E5CD6007DEC66 /* ViewController.swift in Sources */ = {isa = PBXBuildFile; fileRef = AF2811992A7E5CD6007DEC66 /* ViewController.swift */; };
		AF28119D2A7E5CD6007DEC66 /* Main.storyboard in Resources */ = {isa = PBXBuildFile; fileRef = AF28119B2A7E5CD6007DEC66 /* Main.storyboard */; };
		AF28119F2A7E5CD7007DEC66 /* Assets.xcassets in Resources */ = {isa = PBXBuildFile; fileRef = AF28119E2A7E5CD7007DEC66 /* Assets.xcassets */; };
		AF2811A22A7E5CD7007DEC66 /* LaunchScreen.storyboard in Resources */ = {isa = PBXBuildFile; fileRef = AF2811A02A7E5CD7007DEC66 /* LaunchScreen.storyboard */; };
		AF2811AD2A7E5CD7007DEC66 /* Mobile_Payment_QRISTests.swift in Sources */ = {isa = PBXBuildFile; fileRef = AF2811AC2A7E5CD7007DEC66 /* Mobile_Payment_QRISTests.swift */; };
		AF2811B72A7E5CD7007DEC66 /* Mobile_Payment_QRISUITests.swift in Sources */ = {isa = PBXBuildFile; fileRef = AF2811B62A7E5CD7007DEC66 /* Mobile_Payment_QRISUITests.swift */; };
		AF2811B92A7E5CD7007DEC66 /* Mobile_Payment_QRISUITestsLaunchTests.swift in Sources */ = {isa = PBXBuildFile; fileRef = AF2811B82A7E5CD7007DEC66 /* Mobile_Payment_QRISUITestsLaunchTests.swift */; };
/* End PBXBuildFile section */

/* Begin PBXContainerItemProxy section */
		AF2811A92A7E5CD7007DEC66 /* PBXContainerItemProxy */ = {
			isa = PBXContainerItemProxy;
			containerPortal = AF28118A2A7E5CD6007DEC66 /* Project object */;
			proxyType = 1;
			remoteGlobalIDString = AF2811912A7E5CD6007DEC66;
			remoteInfo = "Mobile Payment QRIS";
		};
		AF2811B32A7E5CD7007DEC66 /* PBXContainerItemProxy */ = {
			isa = PBXContainerItemProxy;
			containerPortal = AF28118A2A7E5CD6007DEC66 /* Project object */;
			proxyType = 1;
			remoteGlobalIDString = AF2811912A7E5CD6007DEC66;
			remoteInfo = "Mobile Payment QRIS";
		};
/* End PBXContainerItemProxy section */

/* Begin PBXFileReference section */
		AF2811922A7E5CD6007DEC66 /* Mobile Payment QRIS.app */ = {isa = PBXFileReference; explicitFileType = wrapper.application; includeInIndex = 0; path = "Mobile Payment QRIS.app"; sourceTree = BUILT_PRODUCTS_DIR; };
		AF2811952A7E5CD6007DEC66 /* AppDelegate.swift */ = {isa = PBXFileReference; lastKnownFileType = sourcecode.swift; path = AppDelegate.swift; sourceTree = "<group>"; };
		AF2811972A7E5CD6007DEC66 /* SceneDelegate.swift */ = {isa = PBXFileReference; lastKnownFileType = sourcecode.swift; path = SceneDelegate.swift; sourceTree = "<group>"; };
		AF2811992A7E5CD6007DEC66 /* ViewController.swift */ = {isa = PBXFileReference; lastKnownFileType = sourcecode.swift; path = ViewController.swift; sourceTree = "<group>"; };
		AF28119C2A7E5CD6007DEC66 /* Base */ = {isa = PBXFileReference; lastKnownFileType = file.storyboard; name = Base; path = Base.lproj/Main.storyboard; sourceTree = "<group>"; };
		AF28119E2A7E5CD7007DEC66 /* Assets.xcassets */ = {isa = PBXFileReference; lastKnownFileType = folder.assetcatalog; path = Assets.xcassets; sourceTree = "<group>"; };
		AF2811A12A7E5CD7007DEC66 /* Base */ = {isa = PBXFileReference; lastKnownFileType = file.storyboard; name = Base; path = Base.lproj/LaunchScreen.storyboard; sourceTree = "<group>"; };
		AF2811A32A7E5CD7007DEC66 /* Info.plist */ = {isa = PBXFileReference; lastKnownFileType = text.plist.xml; path = Info.plist; sourceTree = "<group>"; };
		AF2811A82A7E5CD7007DEC66 /* Mobile Payment QRISTests.xctest */ = {isa = PBXFileReference; explicitFileType = wrapper.cfbundle; includeInIndex = 0; path = "Mobile Payment QRISTests.xctest"; sourceTree = BUILT_PRODUCTS_DIR; };
		AF2811AC2A7E5CD7007DEC66 /* Mobile_Payment_QRISTests.swift */ = {isa = PBXFileReference; lastKnownFileType = sourcecode.swift; path = Mobile_Payment_QRISTests.swift; sourceTree = "<group>"; };
		AF2811B22A7E5CD7007DEC66 /* Mobile Payment QRISUITests.xctest */ = {isa = PBXFileReference; explicitFileType = wrapper.cfbundle; includeInIndex = 0; path = "Mobile Payment QRISUITests.xctest"; sourceTree = BUILT_PRODUCTS_DIR; };
		AF2811B62A7E5CD7007DEC66 /* Mobile_Payment_QRISUITests.swift */ = {isa = PBXFileReference; lastKnownFileType = sourcecode.swift; path = Mobile_Payment_QRISUITests.swift; sourceTree = "<group>"; };
		AF2811B82A7E5CD7007DEC66 /* Mobile_Payment_QRISUITestsLaunchTests.swift */ = {isa = PBXFileReference; lastKnownFileType = sourcecode.swift; path = Mobile_Payment_QRISUITestsLaunchTests.swift; sourceTree = "<group>"; };
/* End PBXFileReference section */

/* Begin PBXFrameworksBuildPhase section */
		AF28118F2A7E5CD6007DEC66 /* Frameworks */ = {
			isa = PBXFrameworksBuildPhase;
			buildActionMask = 2147483647;
			files = (
			);
			runOnlyForDeploymentPostprocessing = 0;
		};
		AF2811A52A7E5CD7007DEC66 /* Frameworks */ = {
			isa = PBXFrameworksBuildPhase;
			buildActionMask = 2147483647;
			files = (
			);
			runOnlyForDeploymentPostprocessing = 0;
		};
		AF2811AF2A7E5CD7007DEC66 /* Frameworks */ = {
			isa = PBXFrameworksBuildPhase;
			buildActionMask = 2147483647;
			files = (
			);
			runOnlyForDeploymentPostprocessing = 0;
		};
/* End PBXFrameworksBuildPhase section */

/* Begin PBXGroup section */
		AF2811892A7E5CD6007DEC66 = {
			isa = PBXGroup;
			children = (
				AF2811942A7E5CD6007DEC66 /* Mobile Payment QRIS */,
				AF2811AB2A7E5CD7007DEC66 /* Mobile Payment QRISTests */,
				AF2811B52A7E5CD7007DEC66 /* Mobile Payment QRISUITests */,
				AF2811932A7E5CD6007DEC66 /* Products */,
			);
			sourceTree = "<group>";
		};
		AF2811932A7E5CD6007DEC66 /* Products */ = {
			isa = PBXGroup;
			children = (
				AF2811922A7E5CD6007DEC66 /* Mobile Payment QRIS.app */,
				AF2811A82A7E5CD7007DEC66 /* Mobile Payment QRISTests.xctest */,
				AF2811B22A7E5CD7007DEC66 /* Mobile Payment QRISUITests.xctest */,
			);
			name = Products;
			sourceTree = "<group>";
		};
		AF2811942A7E5CD6007DEC66 /* Mobile Payment QRIS */ = {
			isa = PBXGroup;
			children = (
				AF2811952A7E5CD6007DEC66 /* AppDelegate.swift */,
				AF2811972A7E5CD6007DEC66 /* SceneDelegate.swift */,
				AF2811992A7E5CD6007DEC66 /* ViewController.swift */,
				AF28119B2A7E5CD6007DEC66 /* Main.storyboard */,
				AF28119E2A7E5CD7007DEC66 /* Assets.xcassets */,
				AF2811A02A7E5CD7007DEC66 /* LaunchScreen.storyboard */,
				AF2811A32A7E5CD7007DEC66 /* Info.plist */,
			);
			path = "Mobile Payment QRIS";
			sourceTree = "<group>";
		};
		AF2811AB2A7E5CD7007DEC66 /* Mobile Payment QRISTests */ = {
			isa = PBXGroup;
			children = (
				AF2811AC2A7E5CD7007DEC66 /* Mobile_Payment_QRISTests.swift */,
			);
			path = "Mobile Payment QRISTests";
			sourceTree = "<group>";
		};
		AF2811B52A7E5CD7007DEC66 /* Mobile Payment QRISUITests */ = {
			isa = PBXGroup;
			children = (
				AF2811B62A7E5CD7007DEC66 /* Mobile_Payment_QRISUITests.swift */,
				AF2811B82A7E5CD7007DEC66 /* Mobile_Payment_QRISUITestsLaunchTests.swift */,
			);
			path = "Mobile Payment QRISUITests";
			sourceTree = "<group>";
		};
/* End PBXGroup section */

/* Begin PBXNativeTarget section */
		AF2811912A7E5CD6007DEC66 /* Mobile Payment QRIS */ = {
			isa = PBXNativeTarget;
			buildConfigurationList = AF2811BC2A7E5CD7007DEC66 /* Build configuration list for PBXNativeTarget "Mobile Payment QRIS" */;
			buildPhases = (
				AF28118E2A7E5CD6007DEC66 /* Sources */,
				AF28118F2A7E5CD6007DEC66 /* Frameworks */,
				AF2811902A7E5CD6007DEC66 /* Resources */,
			);
			buildRules = (
			);
			dependencies = (
			);
			name = "Mobile Payment QRIS";
			productName = "Mobile Payment QRIS";
			productReference = AF2811922A7E5CD6007DEC66 /* Mobile Payment QRIS.app */;
			productType = "com.apple.product-type.application";
		};
		AF2811A72A7E5CD7007DEC66 /* Mobile Payment QRISTests */ = {
			isa = PBXNativeTarget;
			buildConfigurationList = AF2811BF2A7E5CD7007DEC66 /* Build configuration list for PBXNativeTarget "Mobile Payment QRISTests" */;
			buildPhases = (
				AF2811A42A7E5CD7007DEC66 /* Sources */,
				AF2811A52A7E5CD7007DEC66 /* Frameworks */,
				AF2811A62A7E5CD7007DEC66 /* Resources */,
			);
			buildRules = (
			);
			dependencies = (
				AF2811AA2A7E5CD7007DEC66 /* PBXTargetDependency */,
			);
			name = "Mobile Payment QRISTests";
			productName = "Mobile Payment QRISTests";
			productReference = AF2811A82A7E5CD7007DEC66 /* Mobile Payment QRISTests.xctest */;
			productType = "com.apple.product-type.bundle.unit-test";
		};
		AF2811B12A7E5CD7007DEC66 /* Mobile Payment QRISUITests */ = {
			isa = PBXNativeTarget;
			buildConfigurationList = AF2811C22A7E5CD7007DEC66 /* Build configuration list for PBXNativeTarget "Mobile Payment QRISUITests" */;
			buildPhases = (
				AF2811AE2A7E5CD7007DEC66 /* Sources */,
				AF2811AF2A7E5CD7007DEC66 /* Frameworks */,
				AF2811B02A7E5CD7007DEC66 /* Resources */,
			);
			buildRules = (
			);
			dependencies = (
				AF2811B42A7E5CD7007DEC66 /* PBXTargetDependency */,
			);
			name = "Mobile Payment QRISUITests";
			productName = "Mobile Payment QRISUITests";
			productReference = AF2811B22A7E5CD7007DEC66 /* Mobile Payment QRISUITests.xctest */;
			productType = "com.apple.product-type.bundle.ui-testing";
		};
/* End PBXNativeTarget section */

/* Begin PBXProject section */
		AF28118A2A7E5CD6007DEC66 /* Project object */ = {
			isa = PBXProject;
			attributes = {
				BuildIndependentTargetsInParallel = 1;
				LastSwiftUpdateCheck = 1430;
				LastUpgradeCheck = 1430;
				TargetAttributes = {
					AF2811912A7E5CD6007DEC66 = {
						CreatedOnToolsVersion = 14.3.1;
					};
					AF2811A72A7E5CD7007DEC66 = {
						CreatedOnToolsVersion = 14.3.1;
						TestTargetID = AF2811912A7E5CD6007DEC66;
					};
					AF2811B12A7E5CD7007DEC66 = {
						CreatedOnToolsVersion = 14.3.1;
						TestTargetID = AF2811912A7E5CD6007DEC66;
					};
				};
			};
			buildConfigurationList = AF28118D2A7E5CD6007DEC66 /* Build configuration list for PBXProject "Mobile Payment QRIS" */;
			compatibilityVersion = "Xcode 14.0";
			developmentRegion = en;
			hasScannedForEncodings = 0;
			knownRegions = (
				en,
				Base,
			);
			mainGroup = AF2811892A7E5CD6007DEC66;
			productRefGroup = AF2811932A7E5CD6007DEC66 /* Products */;
			projectDirPath = "";
			projectRoot = "";
			targets = (
				AF2811912A7E5CD6007DEC66 /* Mobile Payment QRIS */,
				AF2811A72A7E5CD7007DEC66 /* Mobile Payment QRISTests */,
				AF2811B12A7E5CD7007DEC66 /* Mobile Payment QRISUITests */,
			);
		};
/* End PBXProject section */

/* Begin PBXResourcesBuildPhase section */
		AF2811902A7E5CD6007DEC66 /* Resources */ = {
			isa = PBXResourcesBuildPhase;
			buildActionMask = 2147483647;
			files = (
				AF2811A22A7E5CD7007DEC66 /* LaunchScreen.storyboard in Resources */,
				AF28119F2A7E5CD7007DEC66 /* Assets.xcassets in Resources */,
				AF28119D2A7E5CD6007DEC66 /* Main.storyboard in Resources */,
			);
			runOnlyForDeploymentPostprocessing = 0;
		};
		AF2811A62A7E5CD7007DEC66 /* Resources */ = {
			isa = PBXResourcesBuildPhase;
			buildActionMask = 2147483647;
			files = (
			);
			runOnlyForDeploymentPostprocessing = 0;
		};
		AF2811B02A7E5CD7007DEC66 /* Resources */ = {
			isa = PBXResourcesBuildPhase;
			buildActionMask = 2147483647;
			files = (
			);
			runOnlyForDeploymentPostprocessing = 0;
		};
/* End PBXResourcesBuildPhase section */

/* Begin PBXSourcesBuildPhase section */
		AF28118E2A7E5CD6007DEC66 /* Sources */ = {
			isa = PBXSourcesBuildPhase;
			buildActionMask = 2147483647;
			files = (
				AF28119A2A7E5CD6007DEC66 /* ViewController.swift in Sources */,
				AF2811962A7E5CD6007DEC66 /* AppDelegate.swift in Sources */,
				AF2811982A7E5CD6007DEC66 /* SceneDelegate.swift in Sources */,
			);
			runOnlyForDeploymentPostprocessing = 0;
		};
		AF2811A42A7E5CD7007DEC66 /* Sources */ = {
			isa = PBXSourcesBuildPhase;
			buildActionMask = 2147483647;
			files = (
				AF2811AD2A7E5CD7007DEC66 /* Mobile_Payment_QRISTests.swift in Sources */,
			);
			runOnlyForDeploymentPostprocessing = 0;
		};
		AF2811AE2A7E5CD7007DEC66 /* Sources */ = {
			isa = PBXSourcesBuildPhase;
			buildActionMask = 2147483647;
			files = (
				AF2811B92A7E5CD7007DEC66 /* Mobile_Payment_QRISUITestsLaunchTests.swift in Sources */,
				AF2811B72A7E5CD7007DEC66 /* Mobile_Payment_QRISUITests.swift in Sources */,
			);
			runOnlyForDeploymentPostprocessing = 0;
		};
/* End PBXSourcesBuildPhase section */

/* Begin PBXTargetDependency section */
		AF2811AA2A7E5CD7007DEC66 /* PBXTargetDependency */ = {
			isa = PBXTargetDependency;
			target = AF2811912A7E5CD6007DEC66 /* Mobile Payment QRIS */;
			targetProxy = AF2811A92A7E5CD7007DEC66 /* PBXContainerItemProxy */;
		};
		AF2811B42A7E5CD7007DEC66 /* PBXTargetDependency */ = {
			isa = PBXTargetDependency;
			target = AF2811912A7E5CD6007DEC66 /* Mobile Payment QRIS */;
			targetProxy = AF2811B32A7E5CD7007DEC66 /* PBXContainerItemProxy */;
		};
/* End PBXTargetDependency section */

/* Begin PBXVariantGroup section */
		AF28119B2A7E5CD6007DEC66 /* Main.storyboard */ = {
			isa = PBXVariantGroup;
			children = (
				AF28119C2A7E5CD6007DEC66 /* Base */,
			);
			name = Main.storyboard;
			sourceTree = "<group>";
		};
		AF2811A02A7E5CD7007DEC66 /* LaunchScreen.storyboard */ = {
			isa = PBXVariantGroup;
			children = (
				AF2811A12A7E5CD7007DEC66 /* Base */,
			);
			name = LaunchScreen.storyboard;
			sourceTree = "<group>";
		};
/* End PBXVariantGroup section */

/* Begin XCBuildConfiguration section */
		AF2811BA2A7E5CD7007DEC66 /* Debug */ = {
			isa = XCBuildConfiguration;
			buildSettings = {
				ALWAYS_SEARCH_USER_PATHS = NO;
				CLANG_ANALYZER_NONNULL = YES;
				CLANG_ANALYZER_NUMBER_OBJECT_CONVERSION = YES_AGGRESSIVE;
				CLANG_CXX_LANGUAGE_STANDARD = "gnu++20";
				CLANG_ENABLE_MODULES = YES;
				CLANG_ENABLE_OBJC_ARC = YES;
				CLANG_ENABLE_OBJC_WEAK = YES;
				CLANG_WARN_BLOCK_CAPTURE_AUTORELEASING = YES;
				CLANG_WARN_BOOL_CONVERSION = YES;
				CLANG_WARN_COMMA = YES;
				CLANG_WARN_CONSTANT_CONVERSION = YES;
				CLANG_WARN_DEPRECATED_OBJC_IMPLEMENTATIONS = YES;
				CLANG_WARN_DIRECT_OBJC_ISA_USAGE = YES_ERROR;
				CLANG_WARN_DOCUMENTATION_COMMENTS = YES;
				CLANG_WARN_EMPTY_BODY = YES;
				CLANG_WARN_ENUM_CONVERSION = YES;
				CLANG_WARN_INFINITE_RECURSION = YES;
				CLANG_WARN_INT_CONVERSION = YES;
				CLANG_WARN_NON_LITERAL_NULL_CONVERSION = YES;
				CLANG_WARN_OBJC_IMPLICIT_RETAIN_SELF = YES;
				CLANG_WARN_OBJC_LITERAL_CONVERSION = YES;
				CLANG_WARN_OBJC_ROOT_CLASS = YES_ERROR;
				CLANG_WARN_QUOTED_INCLUDE_IN_FRAMEWORK_HEADER = YES;
				CLANG_WARN_RANGE_LOOP_ANALYSIS = YES;
				CLANG_WARN_STRICT_PROTOTYPES = YES;
				CLANG_WARN_SUSPICIOUS_MOVE = YES;
				CLANG_WARN_UNGUARDED_AVAILABILITY = YES_AGGRESSIVE;
				CLANG_WARN_UNREACHABLE_CODE = YES;
				CLANG_WARN__DUPLICATE_METHOD_MATCH = YES;
				COPY_PHASE_STRIP = NO;
				DEBUG_INFORMATION_FORMAT = dwarf;
				ENABLE_STRICT_OBJC_MSGSEND = YES;
				ENABLE_TESTABILITY = YES;
				GCC_C_LANGUAGE_STANDARD = gnu11;
				GCC_DYNAMIC_NO_PIC = NO;
				GCC_NO_COMMON_BLOCKS = YES;
				GCC_OPTIMIZATION_LEVEL = 0;
				GCC_PREPROCESSOR_DEFINITIONS = (
					"DEBUG=1",
					"$(inherited)",
				);
				GCC_WARN_64_TO_32_BIT_CONVERSION = YES;
				GCC_WARN_ABOUT_RETURN_TYPE = YES_ERROR;
				GCC_WARN_UNDECLARED_SELECTOR = YES;
				GCC_WARN_UNINITIALIZED_AUTOS = YES_AGGRESSIVE;
				GCC_WARN_UNUSED_FUNCTION = YES;
				GCC_WARN_UNUSED_VARIABLE = YES;
				IPHONEOS_DEPLOYMENT_TARGET = 16.4;
				MTL_ENABLE_DEBUG_INFO = INCLUDE_SOURCE;
				MTL_FAST_MATH = YES;
				ONLY_ACTIVE_ARCH = YES;
				SDKROOT = iphoneos;
				SWIFT_ACTIVE_COMPILATION_CONDITIONS = DEBUG;
				SWIFT_OPTIMIZATION_LEVEL = "-Onone";
			};
			name = Debug;
		};
		AF2811BB2A7E5CD7007DEC66 /* Release */ = {
			isa = XCBuildConfiguration;
			buildSettings = {
				ALWAYS_SEARCH_USER_PATHS = NO;
				CLANG_ANALYZER_NONNULL = YES;
				CLANG_ANALYZER_NUMBER_OBJECT_CONVERSION = YES_AGGRESSIVE;
				CLANG_CXX_LANGUAGE_STANDARD = "gnu++20";
				CLANG_ENABLE_MODULES = YES;
				CLANG_ENABLE_OBJC_ARC = YES;
				CLANG_ENABLE_OBJC_WEAK = YES;
				CLANG_WARN_BLOCK_CAPTURE_AUTORELEASING = YES;
				CLANG_WARN_BOOL_CONVERSION = YES;
				CLANG_WARN_COMMA = YES;
				CLANG_WARN_CONSTANT_CONVERSION = YES;
				CLANG_WARN_DEPRECATED_OBJC_IMPLEMENTATIONS = YES;
				CLANG_WARN_DIRECT_OBJC_ISA_USAGE = YES_ERROR;
				CLANG_WARN_DOCUMENTATION_COMMENTS = YES;
				CLANG_WARN_EMPTY_BODY = YES;
				CLANG_WARN_ENUM_CONVERSION = YES;
				CLANG_WARN_INFINITE_RECURSION = YES;
				CLANG_WARN_INT_CONVERSION = YES;
				CLANG_WARN_NON_LITERAL_NULL_CONVERSION = YES;
				CLANG_WARN_OBJC_IMPLICIT_RETAIN_SELF = YES;
				CLANG_WARN_OBJC_LITERAL_CONVERSION = YES;
				CLANG_WARN_OBJC_ROOT_CLASS = YES_ERROR;
				CLANG_WARN_QUOTED_INCLUDE_IN_FRAMEWORK_HEADER = YES;
				CLANG_WARN_RANGE_LOOP_ANALYSIS = YES;
				CLANG_WARN_STRICT_PROTOTYPES = YES;
				CLANG_WARN_SUSPICIOUS_MOVE = YES;
				CLANG_WARN_UNGUARDED_AVAILABILITY = YES_AGGRESSIVE;
				CLANG_WARN_UNREACHABLE_CODE = YES;
				CLANG_WARN__DUPLICATE_METHOD_MATCH = YES;
				COPY_PHASE_STRIP = NO;
				DEBUG_INFORMATION_FORMAT = "dwarf-with-dsym";
				ENABLE_NS_ASSERTIONS = NO;
				ENABLE_STRICT_OBJC_MSGSEND = YES;
				GCC_C_LANGUAGE_STANDARD = gnu11;
				GCC_NO_COMMON_BLOCKS = YES;
				GCC_WARN_64_TO_32_BIT_CONVERSION = YES;
				GCC_WARN_ABOUT_RETURN_TYPE = YES_ERROR;
				GCC_WARN_UNDECLARED_SELECTOR = YES;
				GCC_WARN_UNINITIALIZED_AUTOS = YES_AGGRESSIVE;
				GCC_WARN_UNUSED_FUNCTION = YES;
				GCC_WARN_UNUSED_VARIABLE = YES;
				IPHONEOS_DEPLOYMENT_TARGET = 16.4;
				MTL_ENABLE_DEBUG_INFO = NO;
				MTL_FAST_MATH = YES;
				SDKROOT = iphoneos;
				SWIFT_COMPILATION_MODE = wholemodule;
				SWIFT_OPTIMIZATION_LEVEL = "-O";
				VALIDATE_PRODUCT = YES;
			};
			name = Release;
		};
		AF2811BD2A7E5CD7007DEC66 /* Debug */ = {
			isa = XCBuildConfiguration;
			buildSettings = {
				ASSETCATALOG_COMPILER_APPICON_NAME = AppIcon;
				ASSETCATALOG_COMPILER_GLOBAL_ACCENT_COLOR_NAME = AccentColor;
				CODE_SIGN_STYLE = Automatic;
				CURRENT_PROJECT_VERSION = 1;
				DEVELOPMENT_TEAM = 86C7H55255;
				GENERATE_INFOPLIST_FILE = YES;
				INFOPLIST_FILE = "Mobile Payment QRIS/Info.plist";
				INFOPLIST_KEY_UIApplicationSupportsIndirectInputEvents = YES;
				INFOPLIST_KEY_UILaunchStoryboardName = LaunchScreen;
				INFOPLIST_KEY_UIMainStoryboardFile = Main;
				INFOPLIST_KEY_UISupportedInterfaceOrientations_iPad = "UIInterfaceOrientationPortrait UIInterfaceOrientationPortraitUpsideDown UIInterfaceOrientationLandscapeLeft UIInterfaceOrientationLandscapeRight";
				INFOPLIST_KEY_UISupportedInterfaceOrientations_iPhone = "UIInterfaceOrientationPortrait UIInterfaceOrientationLandscapeLeft UIInterfaceOrientationLandscapeRight";
				LD_RUNPATH_SEARCH_PATHS = (
					"$(inherited)",
					"@executable_path/Frameworks",
				);
				MARKETING_VERSION = 1.0;
				PRODUCT_BUNDLE_IDENTIFIER = "com.project.Mobile-Payment-QRIS";
				PRODUCT_NAME = "$(TARGET_NAME)";
				SWIFT_EMIT_LOC_STRINGS = YES;
				SWIFT_VERSION = 5.0;
				TARGETED_DEVICE_FAMILY = "1,2";
			};
			name = Debug;
		};
		AF2811BE2A7E5CD7007DEC66 /* Release */ = {
			isa = XCBuildConfiguration;
			buildSettings = {
				ASSETCATALOG_COMPILER_APPICON_NAME = AppIcon;
				ASSETCATALOG_COMPILER_GLOBAL_ACCENT_COLOR_NAME = AccentColor;
				CODE_SIGN_STYLE = Automatic;
				CURRENT_PROJECT_VERSION = 1;
				DEVELOPMENT_TEAM = 86C7H55255;
				GENERATE_INFOPLIST_FILE = YES;
				INFOPLIST_FILE = "Mobile Payment QRIS/Info.plist";
				INFOPLIST_KEY_UIApplicationSupportsIndirectInputEvents = YES;
				INFOPLIST_KEY_UILaunchStoryboardName = LaunchScreen;
				INFOPLIST_KEY_UIMainStoryboardFile = Main;
				INFOPLIST_KEY_UISupportedInterfaceOrientations_iPad = "UIInterfaceOrientationPortrait UIInterfaceOrientationPortraitUpsideDown UIInterfaceOrientationLandscapeLeft UIInterfaceOrientationLandscapeRight";
				INFOPLIST_KEY_UISupportedInterfaceOrientations_iPhone = "UIInterfaceOrientationPortrait UIInterfaceOrientationLandscapeLeft UIInterfaceOrientationLandscapeRight";
				LD_RUNPATH_SEARCH_PATHS = (
					"$(inherited)",
					"@executable_path/Frameworks",
				);
				MARKETING_VERSION = 1.0;
				PRODUCT_BUNDLE_IDENTIFIER = "com.project.Mobile-Payment-QRIS";
				PRODUCT_NAME = "$(TARGET_NAME)";
				SWIFT_EMIT_LOC_STRINGS = YES;
				SWIFT_VERSION = 5.0;
				TARGETED_DEVICE_FAMILY = "1,2";
			};
			name = Release;
		};
		AF2811C02A7E5CD7007DEC66 /* Debug */ = {
			isa = XCBuildConfiguration;
			buildSettings = {
				ALWAYS_EMBED_SWIFT_STANDARD_LIBRARIES = YES;
				BUNDLE_LOADER = "$(TEST_HOST)";
				CODE_SIGN_STYLE = Automatic;
				CURRENT_PROJECT_VERSION = 1;
				DEVELOPMENT_TEAM = 86C7H55255;
				GENERATE_INFOPLIST_FILE = YES;
				IPHONEOS_DEPLOYMENT_TARGET = 16.4;
				MARKETING_VERSION = 1.0;
				PRODUCT_BUNDLE_IDENTIFIER = "com.project.Mobile-Payment-QRISTests";
				PRODUCT_NAME = "$(TARGET_NAME)";
				SWIFT_EMIT_LOC_STRINGS = NO;
				SWIFT_VERSION = 5.0;
				TARGETED_DEVICE_FAMILY = "1,2";
				TEST_HOST = "$(BUILT_PRODUCTS_DIR)/Mobile Payment QRIS.app/$(BUNDLE_EXECUTABLE_FOLDER_PATH)/Mobile Payment QRIS";
			};
			name = Debug;
		};
		AF2811C12A7E5CD7007DEC66 /* Release */ = {
			isa = XCBuildConfiguration;
			buildSettings = {
				ALWAYS_EMBED_SWIFT_STANDARD_LIBRARIES = YES;
				BUNDLE_LOADER = "$(TEST_HOST)";
				CODE_SIGN_STYLE = Automatic;
				CURRENT_PROJECT_VERSION = 1;
				DEVELOPMENT_TEAM = 86C7H55255;
				GENERATE_INFOPLIST_FILE = YES;
				IPHONEOS_DEPLOYMENT_TARGET = 16.4;
				MARKETING_VERSION = 1.0;
				PRODUCT_BUNDLE_IDENTIFIER = "com.project.Mobile-Payment-QRISTests";
				PRODUCT_NAME = "$(TARGET_NAME)";
				SWIFT_EMIT_LOC_STRINGS = NO;
				SWIFT_VERSION = 5.0;
				TARGETED_DEVICE_FAMILY = "1,2";
				TEST_HOST = "$(BUILT_PRODUCTS_DIR)/Mobile Payment QRIS.app/$(BUNDLE_EXECUTABLE_FOLDER_PATH)/Mobile Payment QRIS";
			};
			name = Release;
		};
		AF2811C32A7E5CD7007DEC66 /* Debug */ = {
			isa = XCBuildConfiguration;
			buildSettings = {
				ALWAYS_EMBED_SWIFT_STANDARD_LIBRARIES = YES;
				CODE_SIGN_STYLE = Automatic;
				CURRENT_PROJECT_VERSION = 1;
				DEVELOPMENT_TEAM = 86C7H55255;
				GENERATE_INFOPLIST_FILE = YES;
				MARKETING_VERSION = 1.0;
				PRODUCT_BUNDLE_IDENTIFIER = "com.project.Mobile-Payment-QRISUITests";
				PRODUCT_NAME = "$(TARGET_NAME)";
				SWIFT_EMIT_LOC_STRINGS = NO;
				SWIFT_VERSION = 5.0;
				TARGETED_DEVICE_FAMILY = "1,2";
				TEST_TARGET_NAME = "Mobile Payment QRIS";
			};
			name = Debug;
		};
		AF2811C42A7E5CD7007DEC66 /* Release */ = {
			isa = XCBuildConfiguration;
			buildSettings = {
				ALWAYS_EMBED_SWIFT_STANDARD_LIBRARIES = YES;
				CODE_SIGN_STYLE = Automatic;
				CURRENT_PROJECT_VERSION = 1;
				DEVELOPMENT_TEAM = 86C7H55255;
				GENERATE_INFOPLIST_FILE = YES;
				MARKETING_VERSION = 1.0;
				PRODUCT_BUNDLE_IDENTIFIER = "com.project.Mobile-Payment-QRISUITests";
				PRODUCT_NAME = "$(TARGET_NAME)";
				SWIFT_EMIT_LOC_STRINGS = NO;
				SWIFT_VERSION = 5.0;
				TARGETED_DEVICE_FAMILY = "1,2";
				TEST_TARGET_NAME = "Mobile Payment QRIS";
			};
			name = Release;
		};
/* End XCBuildConfiguration section */

/* Begin XCConfigurationList section */
		AF28118D2A7E5CD6007DEC66 /* Build configuration list for PBXProject "Mobile Payment QRIS" */ = {
			isa = XCConfigurationList;
			buildConfigurations = (
				AF2811BA2A7E5CD7007DEC66 /* Debug */,
				AF2811BB2A7E5CD7007DEC66 /* Release */,
			);
			defaultConfigurationIsVisible = 0;
			defaultConfigurationName = Release;
		};
		AF2811BC2A7E5CD7007DEC66 /* Build configuration list for PBXNativeTarget "Mobile Payment QRIS" */ = {
			isa = XCConfigurationList;
			buildConfigurations = (
				AF2811BD2A7E5CD7007DEC66 /* Debug */,
				AF2811BE2A7E5CD7007DEC66 /* Release */,
			);
			defaultConfigurationIsVisible = 0;
			defaultConfigurationName = Release;
		};
		AF2811BF2A7E5CD7007DEC66 /* Build configuration list for PBXNativeTarget "Mobile Payment QRISTests" */ = {
			isa = XCConfigurationList;
			buildConfigurations = (
				AF2811C02A7E5CD7007DEC66 /* Debug */,
				AF2811C12A7E5CD7007DEC66 /* Release */,
			);
			defaultConfigurationIsVisible = 0;
			defaultConfigurationName = Release;
		};
		AF2811C22A7E5CD7007DEC66 /* Build configuration list for PBXNativeTarget "Mobile Payment QRISUITests" */ = {
			isa = XCConfigurationList;
			buildConfigurations = (
				AF2811C32A7E5CD7007DEC66 /* Debug */,
				AF2811C42A7E5CD7007DEC66 /* Release */,
			);
			defaultConfigurationIsVisible = 0;
			defaultConfigurationName = Release;
		};
/* End XCConfigurationList section */
	};
	rootObject = AF28118A2A7E5CD6007DEC66 /* Project object */;
}
